
Microsoft Visual Studio Solution File, Format Version 12.00
# Visual Studio Version 17
VisualStudioVersion = 17.6.33801.468
MinimumVisualStudioVersion = 10.0.40219.1
Project("{FAE04EC0-301F-11D3-BF4B-00C04F79EFBC}") = "firstdemo", "firstdmo\firstdemo.csproj", "{1E9B3B9F-05B0-42A8-87CE-4438FCD661B4}"
EndProject
Project("{FAE04EC0-301F-11D3-BF4B-00C04F79EFBC}") = "BulkyBooks", "BulkyBooks\BulkyBooks.csproj", "{F42B5151-81F7-41C2-BCFE-D8AF9F8D2738}"
EndProject
Global
	GlobalSection(SolutionConfigurationPlatforms) = preSolution
		Debug|Any CPU = Debug|Any CPU
		Release|Any CPU = Release|Any CPU
	EndGlobalSection
	GlobalSection(ProjectConfigurationPlatforms) = postSolution
		{1E9B3B9F-05B0-42A8-87CE-4438FCD661B4}.Debug|Any CPU.ActiveCfg = Debug|Any CPU
		{1E9B3B9F-05B0-42A8-87CE-4438FCD661B4}.Debug|Any CPU.Build.0 = Debug|Any CPU
		{1E9B3B9F-05B0-42A8-87CE-4438FCD661B4}.Release|Any CPU.ActiveCfg = Release|Any CPU
		{1E9B3B9F-05B0-42A8-87CE-4438FCD661B4}.Release|Any CPU.Build.0 = Release|Any CPU
		{F42B5151-81F7-41C2-BCFE-D8AF9F8D2738}.Debug|Any CPU.ActiveCfg = Debug|Any CPU
		{F42B5151-81F7-41C2-BCFE-D8AF9F8D2738}.Debug|Any CPU.Build.0 = Debug|Any CPU
		{F42B5151-81F7-41C2-BCFE-D8AF9F8D2738}.Release|Any CPU.ActiveCfg = Release|Any CPU
		{F42B5151-81F7-41C2-BCFE-D8AF9F8D2738}.Release|Any CPU.Build.0 = Release|Any CPU
	EndGlobalSection
	GlobalSection(SolutionProperties) = preSolution
		HideSolutionNode = FALSE
	EndGlobalSection
	GlobalSection(ExtensibilityGlobals) = postSolution
		SolutionGuid = {1DB28A42-8DFC-45C0-B932-70561A977D11}
	EndGlobalSection
EndGlobal
